
Microsoft Visual Studio Solution File, Format Version 12.00
# Visual Studio Version 16
VisualStudioVersion = 16.0.30523.141
MinimumVisualStudioVersion = 10.0.40219.1
Project("{FAE04EC0-301F-11D3-BF4B-00C04F79EFBC}") = "Ejercicio6", "Ejercicio6\Ejercicio6.csproj", "{9A82696B-883B-4BF6-8106-E88DBA24BB7E}"
EndProject
Global
	GlobalSection(SolutionConfigurationPlatforms) = preSolution
		Debug|Any CPU = Debug|Any CPU
		Release|Any CPU = Release|Any CPU
	EndGlobalSection
	GlobalSection(ProjectConfigurationPlatforms) = postSolution
		{9A82696B-883B-4BF6-8106-E88DBA24BB7E}.Debug|Any CPU.ActiveCfg = Debug|Any CPU
		{9A82696B-883B-4BF6-8106-E88DBA24BB7E}.Debug|Any CPU.Build.0 = Debug|Any CPU
		{9A82696B-883B-4BF6-8106-E88DBA24BB7E}.Release|Any CPU.ActiveCfg = Release|Any CPU
		{9A82696B-883B-4BF6-8106-E88DBA24BB7E}.Release|Any CPU.Build.0 = Release|Any CPU
	EndGlobalSection
	GlobalSection(SolutionProperties) = preSolution
		HideSolutionNode = FALSE
	EndGlobalSection
	GlobalSection(ExtensibilityGlobals) = postSolution
		SolutionGuid = {91237C93-15CC-4FA3-B0DF-2384513F33E7}
	EndGlobalSection
EndGlobal
